
Microsoft Visual Studio Solution File, Format Version 12.00
# Visual Studio Version 16
VisualStudioVersion = 16.0.31005.135
MinimumVisualStudioVersion = 10.0.40219.1
Project("{FAE04EC0-301F-11D3-BF4B-00C04F79EFBC}") = "Blackjack", "Blackjack\Blackjack.csproj", "{B498459B-6A85-474A-A703-1D712FC4D62E}"
EndProject
Global
	GlobalSection(SolutionConfigurationPlatforms) = preSolution
		Debug|Any CPU = Debug|Any CPU
		Release|Any CPU = Release|Any CPU
	EndGlobalSection
	GlobalSection(ProjectConfigurationPlatforms) = postSolution
		{B498459B-6A85-474A-A703-1D712FC4D62E}.Debug|Any CPU.ActiveCfg = Debug|Any CPU
		{B498459B-6A85-474A-A703-1D712FC4D62E}.Debug|Any CPU.Build.0 = Debug|Any CPU
		{B498459B-6A85-474A-A703-1D712FC4D62E}.Release|Any CPU.ActiveCfg = Release|Any CPU
		{B498459B-6A85-474A-A703-1D712FC4D62E}.Release|Any CPU.Build.0 = Release|Any CPU
	EndGlobalSection
	GlobalSection(SolutionProperties) = preSolution
		HideSolutionNode = FALSE
	EndGlobalSection
	GlobalSection(ExtensibilityGlobals) = postSolution
		SolutionGuid = {68641E9E-2F5D-4ECF-B614-5EB228CA4FCB}
	EndGlobalSection
EndGlobal
